PODS:
  - R.swift (5.4.0):
    - R.swift.Library (~> 5.3.0)
  - R.swift.Library (5.3.0)
  - Realm (10.16.0):
    - Realm/Headers (= 10.16.0)
  - Realm/Headers (10.16.0)
  - RealmSwift (10.16.0):
    - Realm (= 10.16.0)
  - SwiftLint (0.44.0)

DEPENDENCIES:
  - R.swift
  - RealmSwift (~> 10)
  - SwiftLint

SPEC REPOS:
  trunk:
    - R.swift
    - R.swift.Library
    - Realm
    - RealmSwift
    - SwiftLint

SPEC CHECKSUMS:
  R.swift: c533450b0f7dc494e0993f5f1a1db925d84c3006
  R.swift.Library: 0fc583cb55a99e28901299cc451614cad1161962
  Realm: b6027801398f3743fc222f096faa85281b506e6c
  RealmSwift: b02a3d0e4947955da960b642c98ad3a461fc4e70
  SwiftLint: e96c0a8c770c7ebbc4d36c55baf9096bb65c4584

PODFILE CHECKSUM: b6fc639aa60ce7b47e39fe79bfb0782c12fabd2c

COCOAPODS: 1.11.2
